
Microsoft Visual Studio Solution File, Format Version 12.00
# Visual Studio Version 17
VisualStudioVersion = 17.13.35806.99
MinimumVisualStudioVersion = 10.0.40219.1
Project("{2150E333-8FDC-42A3-9474-1A3956D46DE8}") = "src", "src", "{02EA681E-C7D8-13C7-8484-4AC65E1B71E8}"
EndProject
Project("{FAE04EC0-301F-11D3-BF4B-00C04F79EFBC}") = "LightweightDdd.Tests", "src\LightweightDdd.Tests\LightweightDdd.Tests.csproj", "{F8BDB287-DE8B-19D8-264B-0DA25A8F28CC}"
EndProject
Project("{FAE04EC0-301F-11D3-BF4B-00C04F79EFBC}") = "LightweightDdd.Core", "src\LightweightDdd.Core\LightweightDdd.Core.csproj", "{AB15EBFE-D792-0808-7112-D52CDC24FE50}"
EndProject
Project("{FAE04EC0-301F-11D3-BF4B-00C04F79EFBC}") = "LightweightDdd.Examples.Domain", "src\LightweightDdd.Examples.Domain\LightweightDdd.Examples.Domain.csproj", "{F9A2D5E1-466E-B4C5-2BEA-37A14867BC83}"
EndProject
Global
	GlobalSection(SolutionConfigurationPlatforms) = preSolution
		Debug|Any CPU = Debug|Any CPU
		Release|Any CPU = Release|Any CPU
	EndGlobalSection
	GlobalSection(ProjectConfigurationPlatforms) = postSolution
		{F8BDB287-DE8B-19D8-264B-0DA25A8F28CC}.Debug|Any CPU.ActiveCfg = Debug|Any CPU
		{F8BDB287-DE8B-19D8-264B-0DA25A8F28CC}.Debug|Any CPU.Build.0 = Debug|Any CPU
		{F8BDB287-DE8B-19D8-264B-0DA25A8F28CC}.Release|Any CPU.ActiveCfg = Release|Any CPU
		{F8BDB287-DE8B-19D8-264B-0DA25A8F28CC}.Release|Any CPU.Build.0 = Release|Any CPU
		{AB15EBFE-D792-0808-7112-D52CDC24FE50}.Debug|Any CPU.ActiveCfg = Debug|Any CPU
		{AB15EBFE-D792-0808-7112-D52CDC24FE50}.Debug|Any CPU.Build.0 = Debug|Any CPU
		{AB15EBFE-D792-0808-7112-D52CDC24FE50}.Release|Any CPU.ActiveCfg = Release|Any CPU
		{AB15EBFE-D792-0808-7112-D52CDC24FE50}.Release|Any CPU.Build.0 = Release|Any CPU
		{F9A2D5E1-466E-B4C5-2BEA-37A14867BC83}.Debug|Any CPU.ActiveCfg = Debug|Any CPU
		{F9A2D5E1-466E-B4C5-2BEA-37A14867BC83}.Debug|Any CPU.Build.0 = Debug|Any CPU
		{F9A2D5E1-466E-B4C5-2BEA-37A14867BC83}.Release|Any CPU.ActiveCfg = Release|Any CPU
		{F9A2D5E1-466E-B4C5-2BEA-37A14867BC83}.Release|Any CPU.Build.0 = Release|Any CPU
	EndGlobalSection
	GlobalSection(SolutionProperties) = preSolution
		HideSolutionNode = FALSE
	EndGlobalSection
	GlobalSection(NestedProjects) = preSolution
		{F8BDB287-DE8B-19D8-264B-0DA25A8F28CC} = {02EA681E-C7D8-13C7-8484-4AC65E1B71E8}
		{AB15EBFE-D792-0808-7112-D52CDC24FE50} = {02EA681E-C7D8-13C7-8484-4AC65E1B71E8}
		{F9A2D5E1-466E-B4C5-2BEA-37A14867BC83} = {02EA681E-C7D8-13C7-8484-4AC65E1B71E8}
	EndGlobalSection
	GlobalSection(ExtensibilityGlobals) = postSolution
		SolutionGuid = {68E24F7B-9733-431C-8376-DB1DAF5C288C}
	EndGlobalSection
EndGlobal
